
Microsoft Visual Studio Solution File, Format Version 12.00
# Visual Studio 2012
Project("{FAE04EC0-301F-11D3-BF4B-00C04F79EFBC}") = "ApiRedirectUrl", "ApiRedirectUrl\ApiRedirectUrl.csproj", "{59B777E5-D775-4B25-84C9-0FB27D1D4285}"
EndProject
Global
	GlobalSection(SolutionConfigurationPlatforms) = preSolution
		Debug|Any CPU = Debug|Any CPU
		Release|Any CPU = Release|Any CPU
	EndGlobalSection
	GlobalSection(ProjectConfigurationPlatforms) = postSolution
		{59B777E5-D775-4B25-84C9-0FB27D1D4285}.Debug|Any CPU.ActiveCfg = Debug|Any CPU
		{59B777E5-D775-4B25-84C9-0FB27D1D4285}.Debug|Any CPU.Build.0 = Debug|Any CPU
		{59B777E5-D775-4B25-84C9-0FB27D1D4285}.Release|Any CPU.ActiveCfg = Release|Any CPU
		{59B777E5-D775-4B25-84C9-0FB27D1D4285}.Release|Any CPU.Build.0 = Release|Any CPU
	EndGlobalSection
	GlobalSection(SolutionProperties) = preSolution
		HideSolutionNode = FALSE
	EndGlobalSection
EndGlobal
